// !$*UTF8*$!
{
	archiveVersion = 1;
	classes = {
	};
	objectVersion = 50;
	objects = {

/* Begin PBXBuildFile section */
		81EDEAEB274E2BEC00977000 /* Queue.swift in Sources */ = {isa = PBXBuildFile; fileRef = 81EDEAEA274E2BEC00977000 /* Queue.swift */; };
		8458271C274C1A2800AB23EF /* main.swift in Sources */ = {isa = PBXBuildFile; fileRef = 8458271B274C1A2800AB23EF /* main.swift */; };
		84582724274C1C4B00AB23EF /* Accountant.swift in Sources */ = {isa = PBXBuildFile; fileRef = 84582723274C1C4B00AB23EF /* Accountant.swift */; };
		84582727274C1C8200AB23EF /* Building.swift in Sources */ = {isa = PBXBuildFile; fileRef = 84582726274C1C8200AB23EF /* Building.swift */; };
		8458272A274C1DE300AB23EF /* Car.swift in Sources */ = {isa = PBXBuildFile; fileRef = 84582729274C1DE300AB23EF /* Car.swift */; };
		8458272D274C1E2700AB23EF /* Director.swift in Sources */ = {isa = PBXBuildFile; fileRef = 8458272C274C1E2700AB23EF /* Director.swift */; };
		84582730274C20EE00AB23EF /* Employee.swift in Sources */ = {isa = PBXBuildFile; fileRef = 8458272F274C20EE00AB23EF /* Employee.swift */; };
		84582733274C217900AB23EF /* Premises.swift in Sources */ = {isa = PBXBuildFile; fileRef = 84582732274C217900AB23EF /* Premises.swift */; };
		84582736274C21C300AB23EF /* Room.swift in Sources */ = {isa = PBXBuildFile; fileRef = 84582735274C21C300AB23EF /* Room.swift */; };
		84582739274C221600AB23EF /* ActionDelegate.swift in Sources */ = {isa = PBXBuildFile; fileRef = 84582738274C221600AB23EF /* ActionDelegate.swift */; };
		8458273C274C229D00AB23EF /* Washer.swift in Sources */ = {isa = PBXBuildFile; fileRef = 8458273B274C229D00AB23EF /* Washer.swift */; };
		8458273F274C22F400AB23EF /* MoneyContanaible.swift in Sources */ = {isa = PBXBuildFile; fileRef = 8458273E274C22F400AB23EF /* MoneyContanaible.swift */; };
		84E131B5274CA3C800866BA0 /* CarContainable.swift in Sources */ = {isa = PBXBuildFile; fileRef = 84E131B4274CA3C700866BA0 /* CarContainable.swift */; };
/* End PBXBuildFile section */

/* Begin PBXCopyFilesBuildPhase section */
		84582716274C1A2800AB23EF /* CopyFiles */ = {
			isa = PBXCopyFilesBuildPhase;
			buildActionMask = 2147483647;
			dstPath = /usr/share/man/man1/;
			dstSubfolderSpec = 0;
			files = (
			);
			runOnlyForDeploymentPostprocessing = 1;
		};
/* End PBXCopyFilesBuildPhase section */

/* Begin PBXFileReference section */
		81EDEAEA274E2BEC00977000 /* Queue.swift */ = {isa = PBXFileReference; lastKnownFileType = sourcecode.swift; path = Queue.swift; sourceTree = "<group>"; };
		84582718274C1A2800AB23EF /* CarWash */ = {isa = PBXFileReference; explicitFileType = "compiled.mach-o.executable"; includeInIndex = 0; path = CarWash; sourceTree = BUILT_PRODUCTS_DIR; };
		8458271B274C1A2800AB23EF /* main.swift */ = {isa = PBXFileReference; lastKnownFileType = sourcecode.swift; path = main.swift; sourceTree = "<group>"; };
		84582723274C1C4B00AB23EF /* Accountant.swift */ = {isa = PBXFileReference; lastKnownFileType = sourcecode.swift; path = Accountant.swift; sourceTree = "<group>"; };
		84582726274C1C8200AB23EF /* Building.swift */ = {isa = PBXFileReference; lastKnownFileType = sourcecode.swift; path = Building.swift; sourceTree = "<group>"; };
		84582729274C1DE300AB23EF /* Car.swift */ = {isa = PBXFileReference; lastKnownFileType = sourcecode.swift; path = Car.swift; sourceTree = "<group>"; };
		8458272C274C1E2700AB23EF /* Director.swift */ = {isa = PBXFileReference; lastKnownFileType = sourcecode.swift; path = Director.swift; sourceTree = "<group>"; };
		8458272F274C20EE00AB23EF /* Employee.swift */ = {isa = PBXFileReference; lastKnownFileType = sourcecode.swift; path = Employee.swift; sourceTree = "<group>"; };
		84582732274C217900AB23EF /* Premises.swift */ = {isa = PBXFileReference; lastKnownFileType = sourcecode.swift; path = Premises.swift; sourceTree = "<group>"; };
		84582735274C21C300AB23EF /* Room.swift */ = {isa = PBXFileReference; lastKnownFileType = sourcecode.swift; path = Room.swift; sourceTree = "<group>"; };
		84582738274C221600AB23EF /* ActionDelegate.swift */ = {isa = PBXFileReference; lastKnownFileType = sourcecode.swift; path = ActionDelegate.swift; sourceTree = "<group>"; };
		8458273B274C229D00AB23EF /* Washer.swift */ = {isa = PBXFileReference; lastKnownFileType = sourcecode.swift; path = Washer.swift; sourceTree = "<group>"; };
		8458273E274C22F400AB23EF /* MoneyContanaible.swift */ = {isa = PBXFileReference; lastKnownFileType = sourcecode.swift; path = MoneyContanaible.swift; sourceTree = "<group>"; };
		84E131B4274CA3C700866BA0 /* CarContainable.swift */ = {isa = PBXFileReference; lastKnownFileType = sourcecode.swift; path = CarContainable.swift; sourceTree = "<group>"; };
/* End PBXFileReference section */

/* Begin PBXFrameworksBuildPhase section */
		84582715274C1A2800AB23EF /* Frameworks */ = {
			isa = PBXFrameworksBuildPhase;
			buildActionMask = 2147483647;
			files = (
			);
			runOnlyForDeploymentPostprocessing = 0;
		};
/* End PBXFrameworksBuildPhase section */

/* Begin PBXGroup section */
		81EDEAEC274E696200977000 /* Employees */ = {
			isa = PBXGroup;
			children = (
				84582723274C1C4B00AB23EF /* Accountant.swift */,
				8458272C274C1E2700AB23EF /* Director.swift */,
				8458272F274C20EE00AB23EF /* Employee.swift */,
				8458273B274C229D00AB23EF /* Washer.swift */,
			);
			path = Employees;
			sourceTree = "<group>";
		};
		81EDEAED274E69F100977000 /* Protocols */ = {
			isa = PBXGroup;
			children = (
				84E131B4274CA3C700866BA0 /* CarContainable.swift */,
				8458273E274C22F400AB23EF /* MoneyContanaible.swift */,
				84582738274C221600AB23EF /* ActionDelegate.swift */,
			);
			path = Protocols;
			sourceTree = "<group>";
		};
		81EDEAEE274E6A5300977000 /* Buildings */ = {
			isa = PBXGroup;
			children = (
				84582726274C1C8200AB23EF /* Building.swift */,
				84582732274C217900AB23EF /* Premises.swift */,
				84582735274C21C300AB23EF /* Room.swift */,
			);
			path = Buildings;
			sourceTree = "<group>";
		};
		81EDEAEF274E6AC000977000 /* Classes */ = {
			isa = PBXGroup;
			children = (
				84582729274C1DE300AB23EF /* Car.swift */,
				81EDEAEC274E696200977000 /* Employees */,
				81EDEAEE274E6A5300977000 /* Buildings */,
			);
			path = Classes;
			sourceTree = "<group>";
		};
		81EDEAF0274E6AE800977000 /* Structures */ = {
			isa = PBXGroup;
			children = (
				81EDEAEA274E2BEC00977000 /* Queue.swift */,
			);
			path = Structures;
			sourceTree = "<group>";
		};
		8458270F274C1A2800AB23EF = {
			isa = PBXGroup;
			children = (
				8458271A274C1A2800AB23EF /* CarWash */,
				84582719274C1A2800AB23EF /* Products */,
			);
			sourceTree = "<group>";
		};
		84582719274C1A2800AB23EF /* Products */ = {
			isa = PBXGroup;
			children = (
				84582718274C1A2800AB23EF /* CarWash */,
			);
			name = Products;
			sourceTree = "<group>";
		};
		8458271A274C1A2800AB23EF /* CarWash */ = {
			isa = PBXGroup;
			children = (
				81EDEAF0274E6AE800977000 /* Structures */,
				81EDEAEF274E6AC000977000 /* Classes */,
				81EDEAED274E69F100977000 /* Protocols */,
				8458271B274C1A2800AB23EF /* main.swift */,
			);
			path = CarWash;
			sourceTree = "<group>";
		};
/* End PBXGroup section */

/* Begin PBXNativeTarget section */
		84582717274C1A2800AB23EF /* CarWash */ = {
			isa = PBXNativeTarget;
			buildConfigurationList = 8458271F274C1A2800AB23EF /* Build configuration list for PBXNativeTarget "CarWash" */;
			buildPhases = (
				84582714274C1A2800AB23EF /* Sources */,
				84582715274C1A2800AB23EF /* Frameworks */,
				84582716274C1A2800AB23EF /* CopyFiles */,
			);
			buildRules = (
			);
			dependencies = (
			);
			name = CarWash;
			productName = CarWash;
			productReference = 84582718274C1A2800AB23EF /* CarWash */;
			productType = "com.apple.product-type.tool";
		};
/* End PBXNativeTarget section */

/* Begin PBXProject section */
		84582710274C1A2800AB23EF /* Project object */ = {
			isa = PBXProject;
			attributes = {
				LastSwiftUpdateCheck = 1240;
				LastUpgradeCheck = 1240;
				TargetAttributes = {
					84582717274C1A2800AB23EF = {
						CreatedOnToolsVersion = 12.4;
					};
				};
			};
			buildConfigurationList = 84582713274C1A2800AB23EF /* Build configuration list for PBXProject "CarWash" */;
			compatibilityVersion = "Xcode 9.3";
			developmentRegion = en;
			hasScannedForEncodings = 0;
			knownRegions = (
				en,
				Base,
			);
			mainGroup = 8458270F274C1A2800AB23EF;
			productRefGroup = 84582719274C1A2800AB23EF /* Products */;
			projectDirPath = "";
			projectRoot = "";
			targets = (
				84582717274C1A2800AB23EF /* CarWash */,
			);
		};
/* End PBXProject section */

/* Begin PBXSourcesBuildPhase section */
		84582714274C1A2800AB23EF /* Sources */ = {
			isa = PBXSourcesBuildPhase;
			buildActionMask = 2147483647;
			files = (
				8458271C274C1A2800AB23EF /* main.swift in Sources */,
				84E131B5274CA3C800866BA0 /* CarContainable.swift in Sources */,
				84582739274C221600AB23EF /* ActionDelegate.swift in Sources */,
				84582730274C20EE00AB23EF /* Employee.swift in Sources */,
				81EDEAEB274E2BEC00977000 /* Queue.swift in Sources */,
				8458273C274C229D00AB23EF /* Washer.swift in Sources */,
				84582736274C21C300AB23EF /* Room.swift in Sources */,
				84582727274C1C8200AB23EF /* Building.swift in Sources */,
				8458272D274C1E2700AB23EF /* Director.swift in Sources */,
				8458272A274C1DE300AB23EF /* Car.swift in Sources */,
				8458273F274C22F400AB23EF /* MoneyContanaible.swift in Sources */,
				84582733274C217900AB23EF /* Premises.swift in Sources */,
				84582724274C1C4B00AB23EF /* Accountant.swift in Sources */,
			);
			runOnlyForDeploymentPostprocessing = 0;
		};
/* End PBXSourcesBuildPhase section */

/* Begin XCBuildConfiguration section */
		8458271D274C1A2800AB23EF /* Debug */ = {
			isa = XCBuildConfiguration;
			buildSettings = {
				ALWAYS_SEARCH_USER_PATHS = NO;
				CLANG_ANALYZER_NONNULL = YES;
				CLANG_ANALYZER_NUMBER_OBJECT_CONVERSION = YES_AGGRESSIVE;
				CLANG_CXX_LANGUAGE_STANDARD = "gnu++14";
				CLANG_CXX_LIBRARY = "libc++";
				CLANG_ENABLE_MODULES = YES;
				CLANG_ENABLE_OBJC_ARC = YES;
				CLANG_ENABLE_OBJC_WEAK = YES;
				CLANG_WARN_BLOCK_CAPTURE_AUTORELEASING = YES;
				CLANG_WARN_BOOL_CONVERSION = YES;
				CLANG_WARN_COMMA = YES;
				CLANG_WARN_CONSTANT_CONVERSION = YES;
				CLANG_WARN_DEPRECATED_OBJC_IMPLEMENTATIONS = YES;
				CLANG_WARN_DIRECT_OBJC_ISA_USAGE = YES_ERROR;
				CLANG_WARN_DOCUMENTATION_COMMENTS = YES;
				CLANG_WARN_EMPTY_BODY = YES;
				CLANG_WARN_ENUM_CONVERSION = YES;
				CLANG_WARN_INFINITE_RECURSION = YES;
				CLANG_WARN_INT_CONVERSION = YES;
				CLANG_WARN_NON_LITERAL_NULL_CONVERSION = YES;
				CLANG_WARN_OBJC_IMPLICIT_RETAIN_SELF = YES;
				CLANG_WARN_OBJC_LITERAL_CONVERSION = YES;
				CLANG_WARN_OBJC_ROOT_CLASS = YES_ERROR;
				CLANG_WARN_QUOTED_INCLUDE_IN_FRAMEWORK_HEADER = YES;
				CLANG_WARN_RANGE_LOOP_ANALYSIS = YES;
				CLANG_WARN_STRICT_PROTOTYPES = YES;
				CLANG_WARN_SUSPICIOUS_MOVE = YES;
				CLANG_WARN_UNGUARDED_AVAILABILITY = YES_AGGRESSIVE;
				CLANG_WARN_UNREACHABLE_CODE = YES;
				CLANG_WARN__DUPLICATE_METHOD_MATCH = YES;
				COPY_PHASE_STRIP = NO;
				DEBUG_INFORMATION_FORMAT = dwarf;
				ENABLE_STRICT_OBJC_MSGSEND = YES;
				ENABLE_TESTABILITY = YES;
				GCC_C_LANGUAGE_STANDARD = gnu11;
				GCC_DYNAMIC_NO_PIC = NO;
				GCC_NO_COMMON_BLOCKS = YES;
				GCC_OPTIMIZATION_LEVEL = 0;
				GCC_PREPROCESSOR_DEFINITIONS = (
					"DEBUG=1",
					"$(inherited)",
				);
				GCC_WARN_64_TO_32_BIT_CONVERSION = YES;
				GCC_WARN_ABOUT_RETURN_TYPE = YES_ERROR;
				GCC_WARN_UNDECLARED_SELECTOR = YES;
				GCC_WARN_UNINITIALIZED_AUTOS = YES_AGGRESSIVE;
				GCC_WARN_UNUSED_FUNCTION = YES;
				GCC_WARN_UNUSED_VARIABLE = YES;
				MACOSX_DEPLOYMENT_TARGET = 10.15;
				MTL_ENABLE_DEBUG_INFO = INCLUDE_SOURCE;
				MTL_FAST_MATH = YES;
				ONLY_ACTIVE_ARCH = YES;
				SDKROOT = macosx;
				SWIFT_ACTIVE_COMPILATION_CONDITIONS = DEBUG;
				SWIFT_OPTIMIZATION_LEVEL = "-Onone";
			};
			name = Debug;
		};
		8458271E274C1A2800AB23EF /* Release */ = {
			isa = XCBuildConfiguration;
			buildSettings = {
				ALWAYS_SEARCH_USER_PATHS = NO;
				CLANG_ANALYZER_NONNULL = YES;
				CLANG_ANALYZER_NUMBER_OBJECT_CONVERSION = YES_AGGRESSIVE;
				CLANG_CXX_LANGUAGE_STANDARD = "gnu++14";
				CLANG_CXX_LIBRARY = "libc++";
				CLANG_ENABLE_MODULES = YES;
				CLANG_ENABLE_OBJC_ARC = YES;
				CLANG_ENABLE_OBJC_WEAK = YES;
				CLANG_WARN_BLOCK_CAPTURE_AUTORELEASING = YES;
				CLANG_WARN_BOOL_CONVERSION = YES;
				CLANG_WARN_COMMA = YES;
				CLANG_WARN_CONSTANT_CONVERSION = YES;
				CLANG_WARN_DEPRECATED_OBJC_IMPLEMENTATIONS = YES;
				CLANG_WARN_DIRECT_OBJC_ISA_USAGE = YES_ERROR;
				CLANG_WARN_DOCUMENTATION_COMMENTS = YES;
				CLANG_WARN_EMPTY_BODY = YES;
				CLANG_WARN_ENUM_CONVERSION = YES;
				CLANG_WARN_INFINITE_RECURSION = YES;
				CLANG_WARN_INT_CONVERSION = YES;
				CLANG_WARN_NON_LITERAL_NULL_CONVERSION = YES;
				CLANG_WARN_OBJC_IMPLICIT_RETAIN_SELF = YES;
				CLANG_WARN_OBJC_LITERAL_CONVERSION = YES;
				CLANG_WARN_OBJC_ROOT_CLASS = YES_ERROR;
				CLANG_WARN_QUOTED_INCLUDE_IN_FRAMEWORK_HEADER = YES;
				CLANG_WARN_RANGE_LOOP_ANALYSIS = YES;
				CLANG_WARN_STRICT_PROTOTYPES = YES;
				CLANG_WARN_SUSPICIOUS_MOVE = YES;
				CLANG_WARN_UNGUARDED_AVAILABILITY = YES_AGGRESSIVE;
				CLANG_WARN_UNREACHABLE_CODE = YES;
				CLANG_WARN__DUPLICATE_METHOD_MATCH = YES;
				COPY_PHASE_STRIP = NO;
				DEBUG_INFORMATION_FORMAT = "dwarf-with-dsym";
				ENABLE_NS_ASSERTIONS = NO;
				ENABLE_STRICT_OBJC_MSGSEND = YES;
				GCC_C_LANGUAGE_STANDARD = gnu11;
				GCC_NO_COMMON_BLOCKS = YES;
				GCC_WARN_64_TO_32_BIT_CONVERSION = YES;
				GCC_WARN_ABOUT_RETURN_TYPE = YES_ERROR;
				GCC_WARN_UNDECLARED_SELECTOR = YES;
				GCC_WARN_UNINITIALIZED_AUTOS = YES_AGGRESSIVE;
				GCC_WARN_UNUSED_FUNCTION = YES;
				GCC_WARN_UNUSED_VARIABLE = YES;
				MACOSX_DEPLOYMENT_TARGET = 10.15;
				MTL_ENABLE_DEBUG_INFO = NO;
				MTL_FAST_MATH = YES;
				SDKROOT = macosx;
				SWIFT_COMPILATION_MODE = wholemodule;
				SWIFT_OPTIMIZATION_LEVEL = "-O";
			};
			name = Release;
		};
		84582720274C1A2800AB23EF /* Debug */ = {
			isa = XCBuildConfiguration;
			buildSettings = {
				CODE_SIGN_STYLE = Automatic;
				PRODUCT_NAME = "$(TARGET_NAME)";
				SWIFT_VERSION = 5.0;
			};
			name = Debug;
		};
		84582721274C1A2800AB23EF /* Release */ = {
			isa = XCBuildConfiguration;
			buildSettings = {
				CODE_SIGN_STYLE = Automatic;
				PRODUCT_NAME = "$(TARGET_NAME)";
				SWIFT_VERSION = 5.0;
			};
			name = Release;
		};
/* End XCBuildConfiguration section */

/* Begin XCConfigurationList section */
		84582713274C1A2800AB23EF /* Build configuration list for PBXProject "CarWash" */ = {
			isa = XCConfigurationList;
			buildConfigurations = (
				8458271D274C1A2800AB23EF /* Debug */,
				8458271E274C1A2800AB23EF /* Release */,
			);
			defaultConfigurationIsVisible = 0;
			defaultConfigurationName = Release;
		};
		8458271F274C1A2800AB23EF /* Build configuration list for PBXNativeTarget "CarWash" */ = {
			isa = XCConfigurationList;
			buildConfigurations = (
				84582720274C1A2800AB23EF /* Debug */,
				84582721274C1A2800AB23EF /* Release */,
			);
			defaultConfigurationIsVisible = 0;
			defaultConfigurationName = Release;
		};
/* End XCConfigurationList section */
	};
	rootObject = 84582710274C1A2800AB23EF /* Project object */;
}
